
Microsoft Visual Studio Solution File, Format Version 11.00
# Visual C# Express 2010
Project("{FAE04EC0-301F-11D3-BF4B-00C04F79EFBC}") = "LmBoxClient", "lmBoxClient\LmBoxClient.csproj", "{6506D713-D1BA-4B0C-8021-9C5076E9DFE2}"
EndProject
Project("{FAE04EC0-301F-11D3-BF4B-00C04F79EFBC}") = "LmBoxClient-demo", "lmBoxClient-demo\LmBoxClient-demo.csproj", "{C198E53C-4C42-4A68-98FF-52620E9C493A}"
EndProject
Global
	GlobalSection(SolutionConfigurationPlatforms) = preSolution
		Debug|Any CPU = Debug|Any CPU
		Debug|Mixed Platforms = Debug|Mixed Platforms
		Debug|x86 = Debug|x86
		Release|Any CPU = Release|Any CPU
		Release|Mixed Platforms = Release|Mixed Platforms
		Release|x86 = Release|x86
	EndGlobalSection
	GlobalSection(ProjectConfigurationPlatforms) = postSolution
		{6506D713-D1BA-4B0C-8021-9C5076E9DFE2}.Debug|Any CPU.ActiveCfg = Debug|Any CPU
		{6506D713-D1BA-4B0C-8021-9C5076E9DFE2}.Debug|Any CPU.Build.0 = Debug|Any CPU
		{6506D713-D1BA-4B0C-8021-9C5076E9DFE2}.Debug|Mixed Platforms.ActiveCfg = Debug|Any CPU
		{6506D713-D1BA-4B0C-8021-9C5076E9DFE2}.Debug|Mixed Platforms.Build.0 = Debug|Any CPU
		{6506D713-D1BA-4B0C-8021-9C5076E9DFE2}.Debug|x86.ActiveCfg = Debug|Any CPU
		{6506D713-D1BA-4B0C-8021-9C5076E9DFE2}.Release|Any CPU.ActiveCfg = Release|Any CPU
		{6506D713-D1BA-4B0C-8021-9C5076E9DFE2}.Release|Any CPU.Build.0 = Release|Any CPU
		{6506D713-D1BA-4B0C-8021-9C5076E9DFE2}.Release|Mixed Platforms.ActiveCfg = Release|Any CPU
		{6506D713-D1BA-4B0C-8021-9C5076E9DFE2}.Release|Mixed Platforms.Build.0 = Release|Any CPU
		{6506D713-D1BA-4B0C-8021-9C5076E9DFE2}.Release|x86.ActiveCfg = Release|Any CPU
		{C198E53C-4C42-4A68-98FF-52620E9C493A}.Debug|Any CPU.ActiveCfg = Debug|x86
		{C198E53C-4C42-4A68-98FF-52620E9C493A}.Debug|Mixed Platforms.ActiveCfg = Debug|x86
		{C198E53C-4C42-4A68-98FF-52620E9C493A}.Debug|Mixed Platforms.Build.0 = Debug|x86
		{C198E53C-4C42-4A68-98FF-52620E9C493A}.Debug|x86.ActiveCfg = Debug|x86
		{C198E53C-4C42-4A68-98FF-52620E9C493A}.Debug|x86.Build.0 = Debug|x86
		{C198E53C-4C42-4A68-98FF-52620E9C493A}.Release|Any CPU.ActiveCfg = Release|x86
		{C198E53C-4C42-4A68-98FF-52620E9C493A}.Release|Mixed Platforms.ActiveCfg = Release|x86
		{C198E53C-4C42-4A68-98FF-52620E9C493A}.Release|Mixed Platforms.Build.0 = Release|x86
		{C198E53C-4C42-4A68-98FF-52620E9C493A}.Release|x86.ActiveCfg = Release|x86
		{C198E53C-4C42-4A68-98FF-52620E9C493A}.Release|x86.Build.0 = Release|x86
	EndGlobalSection
	GlobalSection(SolutionProperties) = preSolution
		HideSolutionNode = FALSE
	EndGlobalSection
EndGlobal
